
Microsoft Visual Studio Solution File, Format Version 12.00
# Visual Studio Version 17
VisualStudioVersion = 17.11.35327.3
MinimumVisualStudioVersion = 10.0.40219.1
Project("{FAE04EC0-301F-11D3-BF4B-00C04F79EFBC}") = "BE-template-netcore", "BE-template-netcore\BE-template-netcore.csproj", "{3B997B61-A5C5-4688-8221-0149C28C192F}"
EndProject
Project("{FAE04EC0-301F-11D3-BF4B-00C04F79EFBC}") = "MODELS", "MODELS\MODELS.csproj", "{F66A5674-A6FC-405B-90D9-3357782DBCAE}"
EndProject
Project("{FAE04EC0-301F-11D3-BF4B-00C04F79EFBC}") = "ENTITIES", "ENTITIES\ENTITIES.csproj", "{CF892B3C-42CC-4F56-A2E9-4CD53FE4F54B}"
EndProject
Project("{FAE04EC0-301F-11D3-BF4B-00C04F79EFBC}") = "REPONSITORY", "REPONSITORY\REPONSITORY.csproj", "{2FFEEA7D-4C9D-4BB0-9FD6-917BC6628309}"
EndProject
Global
	GlobalSection(SolutionConfigurationPlatforms) = preSolution
		Debug|Any CPU = Debug|Any CPU
		Release|Any CPU = Release|Any CPU
	EndGlobalSection
	GlobalSection(ProjectConfigurationPlatforms) = postSolution
		{3B997B61-A5C5-4688-8221-0149C28C192F}.Debug|Any CPU.ActiveCfg = Debug|Any CPU
		{3B997B61-A5C5-4688-8221-0149C28C192F}.Debug|Any CPU.Build.0 = Debug|Any CPU
		{3B997B61-A5C5-4688-8221-0149C28C192F}.Release|Any CPU.ActiveCfg = Release|Any CPU
		{3B997B61-A5C5-4688-8221-0149C28C192F}.Release|Any CPU.Build.0 = Release|Any CPU
		{F66A5674-A6FC-405B-90D9-3357782DBCAE}.Debug|Any CPU.ActiveCfg = Debug|Any CPU
		{F66A5674-A6FC-405B-90D9-3357782DBCAE}.Debug|Any CPU.Build.0 = Debug|Any CPU
		{F66A5674-A6FC-405B-90D9-3357782DBCAE}.Release|Any CPU.ActiveCfg = Release|Any CPU
		{F66A5674-A6FC-405B-90D9-3357782DBCAE}.Release|Any CPU.Build.0 = Release|Any CPU
		{CF892B3C-42CC-4F56-A2E9-4CD53FE4F54B}.Debug|Any CPU.ActiveCfg = Debug|Any CPU
		{CF892B3C-42CC-4F56-A2E9-4CD53FE4F54B}.Debug|Any CPU.Build.0 = Debug|Any CPU
		{CF892B3C-42CC-4F56-A2E9-4CD53FE4F54B}.Release|Any CPU.ActiveCfg = Release|Any CPU
		{CF892B3C-42CC-4F56-A2E9-4CD53FE4F54B}.Release|Any CPU.Build.0 = Release|Any CPU
		{2FFEEA7D-4C9D-4BB0-9FD6-917BC6628309}.Debug|Any CPU.ActiveCfg = Debug|Any CPU
		{2FFEEA7D-4C9D-4BB0-9FD6-917BC6628309}.Debug|Any CPU.Build.0 = Debug|Any CPU
		{2FFEEA7D-4C9D-4BB0-9FD6-917BC6628309}.Release|Any CPU.ActiveCfg = Release|Any CPU
		{2FFEEA7D-4C9D-4BB0-9FD6-917BC6628309}.Release|Any CPU.Build.0 = Release|Any CPU
	EndGlobalSection
	GlobalSection(SolutionProperties) = preSolution
		HideSolutionNode = FALSE
	EndGlobalSection
	GlobalSection(ExtensibilityGlobals) = postSolution
		SolutionGuid = {6D36F844-0E6E-4F31-916B-93A5296475E6}
	EndGlobalSection
EndGlobal
